{
  "name": "example",
  "version": "1.0.0",
  "lockfileVersion": 1,
  "requires": true,
  "dependencies": {
    "yandex-cloud-functions-router": {
      "version": "1.2.0",
      "resolved": "https://registry.npmjs.org/yandex-cloud-functions-router/-/yandex-cloud-functions-router-1.2.0.tgz",
      "integrity": "sha512-yI2ITgSHg5nzSeDwNW74JMrPhwk5WHagNf40fRQQ8wbSUYwTnwOYSeaEHKNQ7XHkgHv0BRc3rpuuUqq0wjk76A=="
    }
  }
}
